
Microsoft Visual Studio Solution File, Format Version 12.00
# Visual Studio Version 16
VisualStudioVersion = 16.0.30907.101
MinimumVisualStudioVersion = 10.0.40219.1
Project("{9A19103F-16F7-4668-BE54-9A1E7A4F7556}") = "Gnoss.Web.Ontologies", "Gnoss.Web.Ontologies\Gnoss.Web.Ontologies.csproj", "{76F948AA-45D7-4CA7-A006-3A945C90E2E2}"
EndProject
Project("{9A19103F-16F7-4668-BE54-9A1E7A4F7556}") = "Es.Riam.Gnoss.Util", "..\Gnoss.Commons\Es.Riam.Gnoss.Util\Es.Riam.Gnoss.Util.csproj", "{97A77322-200B-4D3D-B5E5-9965A5AC2DF1}"
EndProject
Project("{9A19103F-16F7-4668-BE54-9A1E7A4F7556}") = "Es.Riam.Util", "..\Gnoss.Commons\Es.Riam.Util\Es.Riam.Util.csproj", "{5A92E0DF-0694-45AA-AD91-F1D297D30D7E}"
EndProject
Project("{9A19103F-16F7-4668-BE54-9A1E7A4F7556}") = "Es.Riam.Gnoss.FileManager", "..\Gnoss.Commons\Es.Riam.Gnoss.FileManager\Es.Riam.Gnoss.FileManager.csproj", "{7F90BDA1-5412-4CC3-9D26-60A6066A5672}"
EndProject
Project("{9A19103F-16F7-4668-BE54-9A1E7A4F7556}") = "Es.Riam.Interfaces", "..\Gnoss.Commons\Es.Riam.Interfaces\Es.Riam.Interfaces.csproj", "{E2A4F84A-0D71-410B-99A6-44B185B30AC0}"
EndProject
Global
	GlobalSection(SolutionConfigurationPlatforms) = preSolution
		Debug|Any CPU = Debug|Any CPU
		Release|Any CPU = Release|Any CPU
	EndGlobalSection
	GlobalSection(ProjectConfigurationPlatforms) = postSolution
		{76F948AA-45D7-4CA7-A006-3A945C90E2E2}.Debug|Any CPU.ActiveCfg = Debug|Any CPU
		{76F948AA-45D7-4CA7-A006-3A945C90E2E2}.Debug|Any CPU.Build.0 = Debug|Any CPU
		{76F948AA-45D7-4CA7-A006-3A945C90E2E2}.Release|Any CPU.ActiveCfg = Release|Any CPU
		{76F948AA-45D7-4CA7-A006-3A945C90E2E2}.Release|Any CPU.Build.0 = Release|Any CPU
		{97A77322-200B-4D3D-B5E5-9965A5AC2DF1}.Debug|Any CPU.ActiveCfg = Debug|Any CPU
		{97A77322-200B-4D3D-B5E5-9965A5AC2DF1}.Debug|Any CPU.Build.0 = Debug|Any CPU
		{97A77322-200B-4D3D-B5E5-9965A5AC2DF1}.Release|Any CPU.ActiveCfg = Release|Any CPU
		{97A77322-200B-4D3D-B5E5-9965A5AC2DF1}.Release|Any CPU.Build.0 = Release|Any CPU
		{5A92E0DF-0694-45AA-AD91-F1D297D30D7E}.Debug|Any CPU.ActiveCfg = Debug|Any CPU
		{5A92E0DF-0694-45AA-AD91-F1D297D30D7E}.Debug|Any CPU.Build.0 = Debug|Any CPU
		{5A92E0DF-0694-45AA-AD91-F1D297D30D7E}.Release|Any CPU.ActiveCfg = Release|Any CPU
		{5A92E0DF-0694-45AA-AD91-F1D297D30D7E}.Release|Any CPU.Build.0 = Release|Any CPU
		{7F90BDA1-5412-4CC3-9D26-60A6066A5672}.Debug|Any CPU.ActiveCfg = Debug|Any CPU
		{7F90BDA1-5412-4CC3-9D26-60A6066A5672}.Debug|Any CPU.Build.0 = Debug|Any CPU
		{7F90BDA1-5412-4CC3-9D26-60A6066A5672}.Release|Any CPU.ActiveCfg = Release|Any CPU
		{7F90BDA1-5412-4CC3-9D26-60A6066A5672}.Release|Any CPU.Build.0 = Release|Any CPU
		{E2A4F84A-0D71-410B-99A6-44B185B30AC0}.Debug|Any CPU.ActiveCfg = Debug|Any CPU
		{E2A4F84A-0D71-410B-99A6-44B185B30AC0}.Debug|Any CPU.Build.0 = Debug|Any CPU
		{E2A4F84A-0D71-410B-99A6-44B185B30AC0}.Release|Any CPU.ActiveCfg = Release|Any CPU
		{E2A4F84A-0D71-410B-99A6-44B185B30AC0}.Release|Any CPU.Build.0 = Release|Any CPU
	EndGlobalSection
	GlobalSection(SolutionProperties) = preSolution
		HideSolutionNode = FALSE
	EndGlobalSection
	GlobalSection(ExtensibilityGlobals) = postSolution
		SolutionGuid = {5935E9B5-A876-4C44-82DD-887390F1666B}
	EndGlobalSection
EndGlobal
